// !$*UTF8*$!
{
	archiveVersion = 1;
	classes = {
	};
	objectVersion = 56;
	objects = {

/* Begin PBXBuildFile section */
		2473D7E43749313A584E7FF2 /* Pods_ChatApp.framework in Frameworks */ = {isa = PBXBuildFile; fileRef = 84B883C6C2F7AC5015D66ADC /* Pods_ChatApp.framework */; };
		8502B75A2AD516490090A47A /* PlaceholderView.swift in Sources */ = {isa = PBXBuildFile; fileRef = 8502B7592AD516490090A47A /* PlaceholderView.swift */; };
		850BA4212ACA56C400B3F458 /* AuthViewModel.swift in Sources */ = {isa = PBXBuildFile; fileRef = 850BA4202ACA56C400B3F458 /* AuthViewModel.swift */; };
		850BA4242ACA574600B3F458 /* AuthModels.swift in Sources */ = {isa = PBXBuildFile; fileRef = 850BA4232ACA574600B3F458 /* AuthModels.swift */; };
		850BA4262ACA6BEC00B3F458 /* ChatModels.swift in Sources */ = {isa = PBXBuildFile; fileRef = 850BA4252ACA6BEC00B3F458 /* ChatModels.swift */; };
		850BA4282ACA8E3800B3F458 /* ChatsViewModel.swift in Sources */ = {isa = PBXBuildFile; fileRef = 850BA4272ACA8E3800B3F458 /* ChatsViewModel.swift */; };
		850BA42A2ACA97B100B3F458 /* MessageViewModel.swift in Sources */ = {isa = PBXBuildFile; fileRef = 850BA4292ACA97B100B3F458 /* MessageViewModel.swift */; };
		850BA42C2ACA993700B3F458 /* MessageModels.swift in Sources */ = {isa = PBXBuildFile; fileRef = 850BA42B2ACA993700B3F458 /* MessageModels.swift */; };
		851506992AC2C54C0045AC4F /* timeoutAnimation.json in Resources */ = {isa = PBXBuildFile; fileRef = 851506982AC2C54C0045AC4F /* timeoutAnimation.json */; };
		851F41B72ABD816800057897 /* SocketManager.swift in Sources */ = {isa = PBXBuildFile; fileRef = 851F41B62ABD816800057897 /* SocketManager.swift */; };
		852561CD2AAB05FE000D5AEA /* AppDelegate.swift in Sources */ = {isa = PBXBuildFile; fileRef = 852561CC2AAB05FE000D5AEA /* AppDelegate.swift */; };
		852561CF2AAB05FE000D5AEA /* SceneDelegate.swift in Sources */ = {isa = PBXBuildFile; fileRef = 852561CE2AAB05FE000D5AEA /* SceneDelegate.swift */; };
		852561D12AAB05FE000D5AEA /* SplashViewController.swift in Sources */ = {isa = PBXBuildFile; fileRef = 852561D02AAB05FE000D5AEA /* SplashViewController.swift */; };
		852561D42AAB05FE000D5AEA /* Main.storyboard in Resources */ = {isa = PBXBuildFile; fileRef = 852561D22AAB05FE000D5AEA /* Main.storyboard */; };
		852561D62AAB05FF000D5AEA /* Assets.xcassets in Resources */ = {isa = PBXBuildFile; fileRef = 852561D52AAB05FF000D5AEA /* Assets.xcassets */; };
		852561D92AAB05FF000D5AEA /* LaunchScreen.storyboard in Resources */ = {isa = PBXBuildFile; fileRef = 852561D72AAB05FF000D5AEA /* LaunchScreen.storyboard */; };
		852561E22AAB0B21000D5AEA /* GetStartedVC.swift in Sources */ = {isa = PBXBuildFile; fileRef = 852561E12AAB0B21000D5AEA /* GetStartedVC.swift */; };
		852561E42AAB14C3000D5AEA /* BaseViewController.swift in Sources */ = {isa = PBXBuildFile; fileRef = 852561E32AAB14C3000D5AEA /* BaseViewController.swift */; };
		852561E92AAB15E6000D5AEA /* SignupUserNameVC.swift in Sources */ = {isa = PBXBuildFile; fileRef = 852561E82AAB15E6000D5AEA /* SignupUserNameVC.swift */; };
		852561EC2AAB164E000D5AEA /* GradientButton.swift in Sources */ = {isa = PBXBuildFile; fileRef = 852561EB2AAB164E000D5AEA /* GradientButton.swift */; };
		853DCDE82AAE349200FA2400 /* MessageListVC.swift in Sources */ = {isa = PBXBuildFile; fileRef = 853DCDE72AAE349200FA2400 /* MessageListVC.swift */; };
		853DCDEC2AAE36E900FA2400 /* ChatUserTVC.swift in Sources */ = {isa = PBXBuildFile; fileRef = 853DCDEA2AAE36E900FA2400 /* ChatUserTVC.swift */; };
		853DCDED2AAE36E900FA2400 /* ChatUserTVC.xib in Resources */ = {isa = PBXBuildFile; fileRef = 853DCDEB2AAE36E900FA2400 /* ChatUserTVC.xib */; };
		8540FE142AB41694006697FA /* AuthManager.swift in Sources */ = {isa = PBXBuildFile; fileRef = 8540FE132AB41694006697FA /* AuthManager.swift */; };
		8540FE1C2AB42F58006697FA /* SearchViewController.swift in Sources */ = {isa = PBXBuildFile; fileRef = 8540FE1A2AB42F58006697FA /* SearchViewController.swift */; };
		854A65A52AAEFF2700F06672 /* SendMessageVC.swift in Sources */ = {isa = PBXBuildFile; fileRef = 854A65A42AAEFF2700F06672 /* SendMessageVC.swift */; };
		854A65A82AAF059000F06672 /* MessageSentTVC.swift in Sources */ = {isa = PBXBuildFile; fileRef = 854A65A62AAF059000F06672 /* MessageSentTVC.swift */; };
		854A65A92AAF059000F06672 /* MessageSentTVC.xib in Resources */ = {isa = PBXBuildFile; fileRef = 854A65A72AAF059000F06672 /* MessageSentTVC.xib */; };
		854A65AC2AAF0CDB00F06672 /* MessageRecievedTVC.swift in Sources */ = {isa = PBXBuildFile; fileRef = 854A65AA2AAF0CDB00F06672 /* MessageRecievedTVC.swift */; };
		854A65AD2AAF0CDB00F06672 /* MessageRecievedTVC.xib in Resources */ = {isa = PBXBuildFile; fileRef = 854A65AB2AAF0CDB00F06672 /* MessageRecievedTVC.xib */; };
		854B61982AB5E1E900D80AA2 /* searchResultsNotFound.json in Resources */ = {isa = PBXBuildFile; fileRef = 854B61972AB5E1E900D80AA2 /* searchResultsNotFound.json */; };
		854D20AA2AB354960073F5D3 /* LoginVC.swift in Sources */ = {isa = PBXBuildFile; fileRef = 854D20A82AB354960073F5D3 /* LoginVC.swift */; };
		854D20AB2AB354960073F5D3 /* LoginVC.xib in Resources */ = {isa = PBXBuildFile; fileRef = 854D20A92AB354960073F5D3 /* LoginVC.xib */; };
		854D20AD2AB3582E0073F5D3 /* APICaller.swift in Sources */ = {isa = PBXBuildFile; fileRef = 854D20AC2AB3582E0073F5D3 /* APICaller.swift */; };
		854D20B62AB364DD0073F5D3 /* Alert.swift in Sources */ = {isa = PBXBuildFile; fileRef = 854D20B52AB364DD0073F5D3 /* Alert.swift */; };
		855B74042ACBDB0C004AC94F /* SearchViewModel.swift in Sources */ = {isa = PBXBuildFile; fileRef = 855B74032ACBDB0C004AC94F /* SearchViewModel.swift */; };
		855B74062ACBDB9E004AC94F /* SearchModels.swift in Sources */ = {isa = PBXBuildFile; fileRef = 855B74052ACBDB9E004AC94F /* SearchModels.swift */; };
		858C55D02AC8990900FEA0F2 /* NavigationHelper.swift in Sources */ = {isa = PBXBuildFile; fileRef = 858C55CF2AC8990900FEA0F2 /* NavigationHelper.swift */; };
		85A9F7462AAE14A1000F0048 /* ExtensionManager.swift in Sources */ = {isa = PBXBuildFile; fileRef = 85A9F7452AAE14A1000F0048 /* ExtensionManager.swift */; };
		85B41EE12AD3B14300E0BD70 /* PeopleYouMayKnowVC.swift in Sources */ = {isa = PBXBuildFile; fileRef = 85B41EDF2AD3B14300E0BD70 /* PeopleYouMayKnowVC.swift */; };
		85B41EE22AD3B14300E0BD70 /* PeopleYouMayKnowVC.xib in Resources */ = {isa = PBXBuildFile; fileRef = 85B41EE02AD3B14300E0BD70 /* PeopleYouMayKnowVC.xib */; };
		85CE295F2AD5927B00EB963D /* MessageDateView.swift in Sources */ = {isa = PBXBuildFile; fileRef = 85CE295E2AD5927B00EB963D /* MessageDateView.swift */; };
		85CEB2FD2AB9C7EB006BD684 /* ProfileViewController.swift in Sources */ = {isa = PBXBuildFile; fileRef = 85CEB2FC2AB9C7EB006BD684 /* ProfileViewController.swift */; };
		85E350A62ACC64ED000BDFBD /* ActivityIndictorButton.swift in Sources */ = {isa = PBXBuildFile; fileRef = 85E350A52ACC64ED000BDFBD /* ActivityIndictorButton.swift */; };
		85EA346C2AB6A3B900A4A02B /* CTAppearance.swift in Sources */ = {isa = PBXBuildFile; fileRef = 85EA346B2AB6A3B900A4A02B /* CTAppearance.swift */; };
/* End PBXBuildFile section */

/* Begin PBXFileReference section */
		447592CD94C8CAACC6EBDD2B /* Pods-ChatApp.debug.xcconfig */ = {isa = PBXFileReference; includeInIndex = 1; lastKnownFileType = text.xcconfig; name = "Pods-ChatApp.debug.xcconfig"; path = "Target Support Files/Pods-ChatApp/Pods-ChatApp.debug.xcconfig"; sourceTree = "<group>"; };
		467E39BD85DC39BAEDB099F6 /* Pods-ChatApp.release.xcconfig */ = {isa = PBXFileReference; includeInIndex = 1; lastKnownFileType = text.xcconfig; name = "Pods-ChatApp.release.xcconfig"; path = "Target Support Files/Pods-ChatApp/Pods-ChatApp.release.xcconfig"; sourceTree = "<group>"; };
		84B883C6C2F7AC5015D66ADC /* Pods_ChatApp.framework */ = {isa = PBXFileReference; explicitFileType = wrapper.framework; includeInIndex = 0; path = Pods_ChatApp.framework; sourceTree = BUILT_PRODUCTS_DIR; };
		8502B7592AD516490090A47A /* PlaceholderView.swift */ = {isa = PBXFileReference; lastKnownFileType = sourcecode.swift; path = PlaceholderView.swift; sourceTree = "<group>"; };
		850BA4202ACA56C400B3F458 /* AuthViewModel.swift */ = {isa = PBXFileReference; lastKnownFileType = sourcecode.swift; path = AuthViewModel.swift; sourceTree = "<group>"; };
		850BA4232ACA574600B3F458 /* AuthModels.swift */ = {isa = PBXFileReference; lastKnownFileType = sourcecode.swift; path = AuthModels.swift; sourceTree = "<group>"; };
		850BA4252ACA6BEC00B3F458 /* ChatModels.swift */ = {isa = PBXFileReference; lastKnownFileType = sourcecode.swift; path = ChatModels.swift; sourceTree = "<group>"; };
		850BA4272ACA8E3800B3F458 /* ChatsViewModel.swift */ = {isa = PBXFileReference; lastKnownFileType = sourcecode.swift; path = ChatsViewModel.swift; sourceTree = "<group>"; };
		850BA4292ACA97B100B3F458 /* MessageViewModel.swift */ = {isa = PBXFileReference; lastKnownFileType = sourcecode.swift; path = MessageViewModel.swift; sourceTree = "<group>"; };
		850BA42B2ACA993700B3F458 /* MessageModels.swift */ = {isa = PBXFileReference; lastKnownFileType = sourcecode.swift; path = MessageModels.swift; sourceTree = "<group>"; };
		851506982AC2C54C0045AC4F /* timeoutAnimation.json */ = {isa = PBXFileReference; fileEncoding = 4; lastKnownFileType = text.json; path = timeoutAnimation.json; sourceTree = "<group>"; };
		851F41B62ABD816800057897 /* SocketManager.swift */ = {isa = PBXFileReference; lastKnownFileType = sourcecode.swift; path = SocketManager.swift; sourceTree = "<group>"; };
		852561C92AAB05FE000D5AEA /* ChatApp.app */ = {isa = PBXFileReference; explicitFileType = wrapper.application; includeInIndex = 0; path = ChatApp.app; sourceTree = BUILT_PRODUCTS_DIR; };
		852561CC2AAB05FE000D5AEA /* AppDelegate.swift */ = {isa = PBXFileReference; lastKnownFileType = sourcecode.swift; path = AppDelegate.swift; sourceTree = "<group>"; };
		852561CE2AAB05FE000D5AEA /* SceneDelegate.swift */ = {isa = PBXFileReference; lastKnownFileType = sourcecode.swift; path = SceneDelegate.swift; sourceTree = "<group>"; };
		852561D02AAB05FE000D5AEA /* SplashViewController.swift */ = {isa = PBXFileReference; lastKnownFileType = sourcecode.swift; path = SplashViewController.swift; sourceTree = "<group>"; };
		852561D32AAB05FE000D5AEA /* Base */ = {isa = PBXFileReference; lastKnownFileType = file.storyboard; name = Base; path = Base.lproj/Main.storyboard; sourceTree = "<group>"; };
		852561D52AAB05FF000D5AEA /* Assets.xcassets */ = {isa = PBXFileReference; lastKnownFileType = folder.assetcatalog; path = Assets.xcassets; sourceTree = "<group>"; };
		852561D82AAB05FF000D5AEA /* Base */ = {isa = PBXFileReference; lastKnownFileType = file.storyboard; name = Base; path = Base.lproj/LaunchScreen.storyboard; sourceTree = "<group>"; };
		852561DA2AAB05FF000D5AEA /* Info.plist */ = {isa = PBXFileReference; lastKnownFileType = text.plist.xml; path = Info.plist; sourceTree = "<group>"; };
		852561E12AAB0B21000D5AEA /* GetStartedVC.swift */ = {isa = PBXFileReference; lastKnownFileType = sourcecode.swift; path = GetStartedVC.swift; sourceTree = "<group>"; };
		852561E32AAB14C3000D5AEA /* BaseViewController.swift */ = {isa = PBXFileReference; lastKnownFileType = sourcecode.swift; path = BaseViewController.swift; sourceTree = "<group>"; };
		852561E82AAB15E6000D5AEA /* SignupUserNameVC.swift */ = {isa = PBXFileReference; lastKnownFileType = sourcecode.swift; path = SignupUserNameVC.swift; sourceTree = "<group>"; };
		852561EB2AAB164E000D5AEA /* GradientButton.swift */ = {isa = PBXFileReference; lastKnownFileType = sourcecode.swift; path = GradientButton.swift; sourceTree = "<group>"; };
		853DCDE72AAE349200FA2400 /* MessageListVC.swift */ = {isa = PBXFileReference; lastKnownFileType = sourcecode.swift; path = MessageListVC.swift; sourceTree = "<group>"; };
		853DCDEA2AAE36E900FA2400 /* ChatUserTVC.swift */ = {isa = PBXFileReference; lastKnownFileType = sourcecode.swift; path = ChatUserTVC.swift; sourceTree = "<group>"; };
		853DCDEB2AAE36E900FA2400 /* ChatUserTVC.xib */ = {isa = PBXFileReference; lastKnownFileType = file.xib; path = ChatUserTVC.xib; sourceTree = "<group>"; };
		8540FE132AB41694006697FA /* AuthManager.swift */ = {isa = PBXFileReference; lastKnownFileType = sourcecode.swift; path = AuthManager.swift; sourceTree = "<group>"; };
		8540FE1A2AB42F58006697FA /* SearchViewController.swift */ = {isa = PBXFileReference; lastKnownFileType = sourcecode.swift; path = SearchViewController.swift; sourceTree = "<group>"; };
		854A65A42AAEFF2700F06672 /* SendMessageVC.swift */ = {isa = PBXFileReference; lastKnownFileType = sourcecode.swift; path = SendMessageVC.swift; sourceTree = "<group>"; };
		854A65A62AAF059000F06672 /* MessageSentTVC.swift */ = {isa = PBXFileReference; lastKnownFileType = sourcecode.swift; path = MessageSentTVC.swift; sourceTree = "<group>"; };
		854A65A72AAF059000F06672 /* MessageSentTVC.xib */ = {isa = PBXFileReference; lastKnownFileType = file.xib; path = MessageSentTVC.xib; sourceTree = "<group>"; };
		854A65AA2AAF0CDB00F06672 /* MessageRecievedTVC.swift */ = {isa = PBXFileReference; lastKnownFileType = sourcecode.swift; path = MessageRecievedTVC.swift; sourceTree = "<group>"; };
		854A65AB2AAF0CDB00F06672 /* MessageRecievedTVC.xib */ = {isa = PBXFileReference; lastKnownFileType = file.xib; path = MessageRecievedTVC.xib; sourceTree = "<group>"; };
		854B61972AB5E1E900D80AA2 /* searchResultsNotFound.json */ = {isa = PBXFileReference; fileEncoding = 4; lastKnownFileType = text.json; path = searchResultsNotFound.json; sourceTree = "<group>"; };
		854D20A82AB354960073F5D3 /* LoginVC.swift */ = {isa = PBXFileReference; lastKnownFileType = sourcecode.swift; path = LoginVC.swift; sourceTree = "<group>"; };
		854D20A92AB354960073F5D3 /* LoginVC.xib */ = {isa = PBXFileReference; lastKnownFileType = file.xib; path = LoginVC.xib; sourceTree = "<group>"; };
		854D20AC2AB3582E0073F5D3 /* APICaller.swift */ = {isa = PBXFileReference; lastKnownFileType = sourcecode.swift; path = APICaller.swift; sourceTree = "<group>"; };
		854D20B52AB364DD0073F5D3 /* Alert.swift */ = {isa = PBXFileReference; lastKnownFileType = sourcecode.swift; path = Alert.swift; sourceTree = "<group>"; };
		855B74032ACBDB0C004AC94F /* SearchViewModel.swift */ = {isa = PBXFileReference; lastKnownFileType = sourcecode.swift; path = SearchViewModel.swift; sourceTree = "<group>"; };
		855B74052ACBDB9E004AC94F /* SearchModels.swift */ = {isa = PBXFileReference; lastKnownFileType = sourcecode.swift; path = SearchModels.swift; sourceTree = "<group>"; };
		858C55CF2AC8990900FEA0F2 /* NavigationHelper.swift */ = {isa = PBXFileReference; lastKnownFileType = sourcecode.swift; path = NavigationHelper.swift; sourceTree = "<group>"; };
		85A9F7452AAE14A1000F0048 /* ExtensionManager.swift */ = {isa = PBXFileReference; lastKnownFileType = sourcecode.swift; path = ExtensionManager.swift; sourceTree = "<group>"; };
		85B41EDF2AD3B14300E0BD70 /* PeopleYouMayKnowVC.swift */ = {isa = PBXFileReference; lastKnownFileType = sourcecode.swift; path = PeopleYouMayKnowVC.swift; sourceTree = "<group>"; };
		85B41EE02AD3B14300E0BD70 /* PeopleYouMayKnowVC.xib */ = {isa = PBXFileReference; lastKnownFileType = file.xib; path = PeopleYouMayKnowVC.xib; sourceTree = "<group>"; };
		85CE295E2AD5927B00EB963D /* MessageDateView.swift */ = {isa = PBXFileReference; lastKnownFileType = sourcecode.swift; path = MessageDateView.swift; sourceTree = "<group>"; };
		85CEB2FC2AB9C7EB006BD684 /* ProfileViewController.swift */ = {isa = PBXFileReference; lastKnownFileType = sourcecode.swift; path = ProfileViewController.swift; sourceTree = "<group>"; };
		85E350A52ACC64ED000BDFBD /* ActivityIndictorButton.swift */ = {isa = PBXFileReference; lastKnownFileType = sourcecode.swift; path = ActivityIndictorButton.swift; sourceTree = "<group>"; };
		85EA346B2AB6A3B900A4A02B /* CTAppearance.swift */ = {isa = PBXFileReference; lastKnownFileType = sourcecode.swift; path = CTAppearance.swift; sourceTree = "<group>"; };
/* End PBXFileReference section */

/* Begin PBXFrameworksBuildPhase section */
		852561C62AAB05FE000D5AEA /* Frameworks */ = {
			isa = PBXFrameworksBuildPhase;
			buildActionMask = 2147483647;
			files = (
				2473D7E43749313A584E7FF2 /* Pods_ChatApp.framework in Frameworks */,
			);
			runOnlyForDeploymentPostprocessing = 0;
		};
/* End PBXFrameworksBuildPhase section */

/* Begin PBXGroup section */
		850BA41F2ACA56B800B3F458 /* ViewModels */ = {
			isa = PBXGroup;
			children = (
				850BA4202ACA56C400B3F458 /* AuthViewModel.swift */,
				850BA4272ACA8E3800B3F458 /* ChatsViewModel.swift */,
				850BA4292ACA97B100B3F458 /* MessageViewModel.swift */,
				855B74032ACBDB0C004AC94F /* SearchViewModel.swift */,
			);
			path = ViewModels;
			sourceTree = "<group>";
		};
		850BA4222ACA573200B3F458 /* Models */ = {
			isa = PBXGroup;
			children = (
				850BA4232ACA574600B3F458 /* AuthModels.swift */,
				850BA4252ACA6BEC00B3F458 /* ChatModels.swift */,
				850BA42B2ACA993700B3F458 /* MessageModels.swift */,
				855B74052ACBDB9E004AC94F /* SearchModels.swift */,
			);
			path = Models;
			sourceTree = "<group>";
		};
		852561C02AAB05FE000D5AEA = {
			isa = PBXGroup;
			children = (
				852561CB2AAB05FE000D5AEA /* ChatApp */,
				852561CA2AAB05FE000D5AEA /* Products */,
				86DCCE9A2A819C66EAEE490E /* Pods */,
				F1F42AF60681D4244E1CE7AB /* Frameworks */,
			);
			sourceTree = "<group>";
		};
		852561CA2AAB05FE000D5AEA /* Products */ = {
			isa = PBXGroup;
			children = (
				852561C92AAB05FE000D5AEA /* ChatApp.app */,
			);
			name = Products;
			sourceTree = "<group>";
		};
		852561CB2AAB05FE000D5AEA /* ChatApp */ = {
			isa = PBXGroup;
			children = (
				850BA4222ACA573200B3F458 /* Models */,
				850BA41F2ACA56B800B3F458 /* ViewModels */,
				854B61962AB5E1D300D80AA2 /* Resources */,
				853DCDE92AAE36CC00FA2400 /* Cells */,
				85A9F7442AAE1496000F0048 /* Utils */,
				852561EA2AAB163E000D5AEA /* CustomViews */,
				852561E02AAB0B06000D5AEA /* Views */,
				852561CC2AAB05FE000D5AEA /* AppDelegate.swift */,
				852561CE2AAB05FE000D5AEA /* SceneDelegate.swift */,
				852561D02AAB05FE000D5AEA /* SplashViewController.swift */,
				852561D22AAB05FE000D5AEA /* Main.storyboard */,
				852561D52AAB05FF000D5AEA /* Assets.xcassets */,
				852561D72AAB05FF000D5AEA /* LaunchScreen.storyboard */,
				852561DA2AAB05FF000D5AEA /* Info.plist */,
			);
			path = ChatApp;
			sourceTree = "<group>";
		};
		852561E02AAB0B06000D5AEA /* Views */ = {
			isa = PBXGroup;
			children = (
				853DCDE62AAE347800FA2400 /* Main */,
				852561E72AAB15D1000D5AEA /* Auth */,
				852561E12AAB0B21000D5AEA /* GetStartedVC.swift */,
			);
			path = Views;
			sourceTree = "<group>";
		};
		852561E72AAB15D1000D5AEA /* Auth */ = {
			isa = PBXGroup;
			children = (
				854D20AE2AB35BCC0073F5D3 /* xibs */,
				852561E82AAB15E6000D5AEA /* SignupUserNameVC.swift */,
				854D20A82AB354960073F5D3 /* LoginVC.swift */,
			);
			path = Auth;
			sourceTree = "<group>";
		};
		852561EA2AAB163E000D5AEA /* CustomViews */ = {
			isa = PBXGroup;
			children = (
				852561EB2AAB164E000D5AEA /* GradientButton.swift */,
				85E350A52ACC64ED000BDFBD /* ActivityIndictorButton.swift */,
				8502B7592AD516490090A47A /* PlaceholderView.swift */,
				85CE295E2AD5927B00EB963D /* MessageDateView.swift */,
			);
			path = CustomViews;
			sourceTree = "<group>";
		};
		853DCDE62AAE347800FA2400 /* Main */ = {
			isa = PBXGroup;
			children = (
				854A65A42AAEFF2700F06672 /* SendMessageVC.swift */,
				853DCDE72AAE349200FA2400 /* MessageListVC.swift */,
				8540FE1A2AB42F58006697FA /* SearchViewController.swift */,
				85CEB2FC2AB9C7EB006BD684 /* ProfileViewController.swift */,
				85B41EDF2AD3B14300E0BD70 /* PeopleYouMayKnowVC.swift */,
				85B41EE02AD3B14300E0BD70 /* PeopleYouMayKnowVC.xib */,
			);
			path = Main;
			sourceTree = "<group>";
		};
		853DCDE92AAE36CC00FA2400 /* Cells */ = {
			isa = PBXGroup;
			children = (
				853DCDEA2AAE36E900FA2400 /* ChatUserTVC.swift */,
				853DCDEB2AAE36E900FA2400 /* ChatUserTVC.xib */,
				854A65A62AAF059000F06672 /* MessageSentTVC.swift */,
				854A65A72AAF059000F06672 /* MessageSentTVC.xib */,
				854A65AA2AAF0CDB00F06672 /* MessageRecievedTVC.swift */,
				854A65AB2AAF0CDB00F06672 /* MessageRecievedTVC.xib */,
			);
			path = Cells;
			sourceTree = "<group>";
		};
		854B61962AB5E1D300D80AA2 /* Resources */ = {
			isa = PBXGroup;
			children = (
				851506982AC2C54C0045AC4F /* timeoutAnimation.json */,
				854B61972AB5E1E900D80AA2 /* searchResultsNotFound.json */,
			);
			path = Resources;
			sourceTree = "<group>";
		};
		854D20AE2AB35BCC0073F5D3 /* xibs */ = {
			isa = PBXGroup;
			children = (
				854D20A92AB354960073F5D3 /* LoginVC.xib */,
			);
			path = xibs;
			sourceTree = "<group>";
		};
		85A9F7442AAE1496000F0048 /* Utils */ = {
			isa = PBXGroup;
			children = (
				852561E32AAB14C3000D5AEA /* BaseViewController.swift */,
				85A9F7452AAE14A1000F0048 /* ExtensionManager.swift */,
				854D20AC2AB3582E0073F5D3 /* APICaller.swift */,
				854D20B52AB364DD0073F5D3 /* Alert.swift */,
				8540FE132AB41694006697FA /* AuthManager.swift */,
				85EA346B2AB6A3B900A4A02B /* CTAppearance.swift */,
				851F41B62ABD816800057897 /* SocketManager.swift */,
				858C55CF2AC8990900FEA0F2 /* NavigationHelper.swift */,
			);
			path = Utils;
			sourceTree = "<group>";
		};
		86DCCE9A2A819C66EAEE490E /* Pods */ = {
			isa = PBXGroup;
			children = (
				447592CD94C8CAACC6EBDD2B /* Pods-ChatApp.debug.xcconfig */,
				467E39BD85DC39BAEDB099F6 /* Pods-ChatApp.release.xcconfig */,
			);
			path = Pods;
			sourceTree = "<group>";
		};
		F1F42AF60681D4244E1CE7AB /* Frameworks */ = {
			isa = PBXGroup;
			children = (
				84B883C6C2F7AC5015D66ADC /* Pods_ChatApp.framework */,
			);
			name = Frameworks;
			sourceTree = "<group>";
		};
/* End PBXGroup section */

/* Begin PBXNativeTarget section */
		852561C82AAB05FE000D5AEA /* ChatApp */ = {
			isa = PBXNativeTarget;
			buildConfigurationList = 852561DD2AAB05FF000D5AEA /* Build configuration list for PBXNativeTarget "ChatApp" */;
			buildPhases = (
				AE6BAD0EC292F3834E7C4330 /* [CP] Check Pods Manifest.lock */,
				852561C52AAB05FE000D5AEA /* Sources */,
				852561C62AAB05FE000D5AEA /* Frameworks */,
				852561C72AAB05FE000D5AEA /* Resources */,
				B16EDDEC2E7735F99C248D81 /* [CP] Embed Pods Frameworks */,
			);
			buildRules = (
			);
			dependencies = (
			);
			name = ChatApp;
			productName = ChatApp;
			productReference = 852561C92AAB05FE000D5AEA /* ChatApp.app */;
			productType = "com.apple.product-type.application";
		};
/* End PBXNativeTarget section */

/* Begin PBXProject section */
		852561C12AAB05FE000D5AEA /* Project object */ = {
			isa = PBXProject;
			attributes = {
				BuildIndependentTargetsInParallel = 1;
				LastSwiftUpdateCheck = 1430;
				LastUpgradeCheck = 1430;
				TargetAttributes = {
					852561C82AAB05FE000D5AEA = {
						CreatedOnToolsVersion = 14.3.1;
					};
				};
			};
			buildConfigurationList = 852561C42AAB05FE000D5AEA /* Build configuration list for PBXProject "ChatApp" */;
			compatibilityVersion = "Xcode 14.0";
			developmentRegion = en;
			hasScannedForEncodings = 0;
			knownRegions = (
				en,
				Base,
			);
			mainGroup = 852561C02AAB05FE000D5AEA;
			productRefGroup = 852561CA2AAB05FE000D5AEA /* Products */;
			projectDirPath = "";
			projectRoot = "";
			targets = (
				852561C82AAB05FE000D5AEA /* ChatApp */,
			);
		};
/* End PBXProject section */

/* Begin PBXResourcesBuildPhase section */
		852561C72AAB05FE000D5AEA /* Resources */ = {
			isa = PBXResourcesBuildPhase;
			buildActionMask = 2147483647;
			files = (
				85B41EE22AD3B14300E0BD70 /* PeopleYouMayKnowVC.xib in Resources */,
				854D20AB2AB354960073F5D3 /* LoginVC.xib in Resources */,
				854A65AD2AAF0CDB00F06672 /* MessageRecievedTVC.xib in Resources */,
				851506992AC2C54C0045AC4F /* timeoutAnimation.json in Resources */,
				853DCDED2AAE36E900FA2400 /* ChatUserTVC.xib in Resources */,
				852561D92AAB05FF000D5AEA /* LaunchScreen.storyboard in Resources */,
				852561D62AAB05FF000D5AEA /* Assets.xcassets in Resources */,
				852561D42AAB05FE000D5AEA /* Main.storyboard in Resources */,
				854A65A92AAF059000F06672 /* MessageSentTVC.xib in Resources */,
				854B61982AB5E1E900D80AA2 /* searchResultsNotFound.json in Resources */,
			);
			runOnlyForDeploymentPostprocessing = 0;
		};
/* End PBXResourcesBuildPhase section */

/* Begin PBXShellScriptBuildPhase section */
		AE6BAD0EC292F3834E7C4330 /* [CP] Check Pods Manifest.lock */ = {
			isa = PBXShellScriptBuildPhase;
			buildActionMask = 2147483647;
			files = (
			);
			inputFileListPaths = (
			);
			inputPaths = (
				"${PODS_PODFILE_DIR_PATH}/Podfile.lock",
				"${PODS_ROOT}/Manifest.lock",
			);
			name = "[CP] Check Pods Manifest.lock";
			outputFileListPaths = (
			);
			outputPaths = (
				"$(DERIVED_FILE_DIR)/Pods-ChatApp-checkManifestLockResult.txt",
			);
			runOnlyForDeploymentPostprocessing = 0;
			shellPath = /bin/sh;
			shellScript = "diff \"${PODS_PODFILE_DIR_PATH}/Podfile.lock\" \"${PODS_ROOT}/Manifest.lock\" > /dev/null\nif [ $? != 0 ] ; then\n    # print error to STDERR\n    echo \"error: The sandbox is not in sync with the Podfile.lock. Run 'pod install' or update your CocoaPods installation.\" >&2\n    exit 1\nfi\n# This output is used by Xcode 'outputs' to avoid re-running this script phase.\necho \"SUCCESS\" > \"${SCRIPT_OUTPUT_FILE_0}\"\n";
			showEnvVarsInLog = 0;
		};
		B16EDDEC2E7735F99C248D81 /* [CP] Embed Pods Frameworks */ = {
			isa = PBXShellScriptBuildPhase;
			buildActionMask = 2147483647;
			files = (
			);
			inputFileListPaths = (
				"${PODS_ROOT}/Target Support Files/Pods-ChatApp/Pods-ChatApp-frameworks-${CONFIGURATION}-input-files.xcfilelist",
			);
			name = "[CP] Embed Pods Frameworks";
			outputFileListPaths = (
				"${PODS_ROOT}/Target Support Files/Pods-ChatApp/Pods-ChatApp-frameworks-${CONFIGURATION}-output-files.xcfilelist",
			);
			runOnlyForDeploymentPostprocessing = 0;
			shellPath = /bin/sh;
			shellScript = "\"${PODS_ROOT}/Target Support Files/Pods-ChatApp/Pods-ChatApp-frameworks.sh\"\n";
			showEnvVarsInLog = 0;
		};
/* End PBXShellScriptBuildPhase section */

/* Begin PBXSourcesBuildPhase section */
		852561C52AAB05FE000D5AEA /* Sources */ = {
			isa = PBXSourcesBuildPhase;
			buildActionMask = 2147483647;
			files = (
				854D20B62AB364DD0073F5D3 /* Alert.swift in Sources */,
				850BA4242ACA574600B3F458 /* AuthModels.swift in Sources */,
				858C55D02AC8990900FEA0F2 /* NavigationHelper.swift in Sources */,
				85A9F7462AAE14A1000F0048 /* ExtensionManager.swift in Sources */,
				853DCDE82AAE349200FA2400 /* MessageListVC.swift in Sources */,
				851F41B72ABD816800057897 /* SocketManager.swift in Sources */,
				850BA4262ACA6BEC00B3F458 /* ChatModels.swift in Sources */,
				854D20AA2AB354960073F5D3 /* LoginVC.swift in Sources */,
				852561E42AAB14C3000D5AEA /* BaseViewController.swift in Sources */,
				852561EC2AAB164E000D5AEA /* GradientButton.swift in Sources */,
				854A65A52AAEFF2700F06672 /* SendMessageVC.swift in Sources */,
				852561E92AAB15E6000D5AEA /* SignupUserNameVC.swift in Sources */,
				852561D12AAB05FE000D5AEA /* SplashViewController.swift in Sources */,
				853DCDEC2AAE36E900FA2400 /* ChatUserTVC.swift in Sources */,
				8540FE1C2AB42F58006697FA /* SearchViewController.swift in Sources */,
				85CEB2FD2AB9C7EB006BD684 /* ProfileViewController.swift in Sources */,
				854A65AC2AAF0CDB00F06672 /* MessageRecievedTVC.swift in Sources */,
				852561E22AAB0B21000D5AEA /* GetStartedVC.swift in Sources */,
				85CE295F2AD5927B00EB963D /* MessageDateView.swift in Sources */,
				855B74042ACBDB0C004AC94F /* SearchViewModel.swift in Sources */,
				85EA346C2AB6A3B900A4A02B /* CTAppearance.swift in Sources */,
				8502B75A2AD516490090A47A /* PlaceholderView.swift in Sources */,
				85B41EE12AD3B14300E0BD70 /* PeopleYouMayKnowVC.swift in Sources */,
				850BA42C2ACA993700B3F458 /* MessageModels.swift in Sources */,
				850BA42A2ACA97B100B3F458 /* MessageViewModel.swift in Sources */,
				8540FE142AB41694006697FA /* AuthManager.swift in Sources */,
				852561CD2AAB05FE000D5AEA /* AppDelegate.swift in Sources */,
				850BA4282ACA8E3800B3F458 /* ChatsViewModel.swift in Sources */,
				852561CF2AAB05FE000D5AEA /* SceneDelegate.swift in Sources */,
				855B74062ACBDB9E004AC94F /* SearchModels.swift in Sources */,
				85E350A62ACC64ED000BDFBD /* ActivityIndictorButton.swift in Sources */,
				850BA4212ACA56C400B3F458 /* AuthViewModel.swift in Sources */,
				854D20AD2AB3582E0073F5D3 /* APICaller.swift in Sources */,
				854A65A82AAF059000F06672 /* MessageSentTVC.swift in Sources */,
			);
			runOnlyForDeploymentPostprocessing = 0;
		};
/* End PBXSourcesBuildPhase section */

/* Begin PBXVariantGroup section */
		852561D22AAB05FE000D5AEA /* Main.storyboard */ = {
			isa = PBXVariantGroup;
			children = (
				852561D32AAB05FE000D5AEA /* Base */,
			);
			name = Main.storyboard;
			sourceTree = "<group>";
		};
		852561D72AAB05FF000D5AEA /* LaunchScreen.storyboard */ = {
			isa = PBXVariantGroup;
			children = (
				852561D82AAB05FF000D5AEA /* Base */,
			);
			name = LaunchScreen.storyboard;
			sourceTree = "<group>";
		};
/* End PBXVariantGroup section */

/* Begin XCBuildConfiguration section */
		852561DB2AAB05FF000D5AEA /* Debug */ = {
			isa = XCBuildConfiguration;
			buildSettings = {
				ALWAYS_SEARCH_USER_PATHS = NO;
				CLANG_ANALYZER_NONNULL = YES;
				CLANG_ANALYZER_NUMBER_OBJECT_CONVERSION = YES_AGGRESSIVE;
				CLANG_CXX_LANGUAGE_STANDARD = "gnu++20";
				CLANG_ENABLE_MODULES = YES;
				CLANG_ENABLE_OBJC_ARC = YES;
				CLANG_ENABLE_OBJC_WEAK = YES;
				CLANG_WARN_BLOCK_CAPTURE_AUTORELEASING = YES;
				CLANG_WARN_BOOL_CONVERSION = YES;
				CLANG_WARN_COMMA = YES;
				CLANG_WARN_CONSTANT_CONVERSION = YES;
				CLANG_WARN_DEPRECATED_OBJC_IMPLEMENTATIONS = YES;
				CLANG_WARN_DIRECT_OBJC_ISA_USAGE = YES_ERROR;
				CLANG_WARN_DOCUMENTATION_COMMENTS = YES;
				CLANG_WARN_EMPTY_BODY = YES;
				CLANG_WARN_ENUM_CONVERSION = YES;
				CLANG_WARN_INFINITE_RECURSION = YES;
				CLANG_WARN_INT_CONVERSION = YES;
				CLANG_WARN_NON_LITERAL_NULL_CONVERSION = YES;
				CLANG_WARN_OBJC_IMPLICIT_RETAIN_SELF = YES;
				CLANG_WARN_OBJC_LITERAL_CONVERSION = YES;
				CLANG_WARN_OBJC_ROOT_CLASS = YES_ERROR;
				CLANG_WARN_QUOTED_INCLUDE_IN_FRAMEWORK_HEADER = YES;
				CLANG_WARN_RANGE_LOOP_ANALYSIS = YES;
				CLANG_WARN_STRICT_PROTOTYPES = YES;
				CLANG_WARN_SUSPICIOUS_MOVE = YES;
				CLANG_WARN_UNGUARDED_AVAILABILITY = YES_AGGRESSIVE;
				CLANG_WARN_UNREACHABLE_CODE = YES;
				CLANG_WARN__DUPLICATE_METHOD_MATCH = YES;
				COPY_PHASE_STRIP = NO;
				DEBUG_INFORMATION_FORMAT = dwarf;
				ENABLE_STRICT_OBJC_MSGSEND = YES;
				ENABLE_TESTABILITY = YES;
				GCC_C_LANGUAGE_STANDARD = gnu11;
				GCC_DYNAMIC_NO_PIC = NO;
				GCC_NO_COMMON_BLOCKS = YES;
				GCC_OPTIMIZATION_LEVEL = 0;
				GCC_PREPROCESSOR_DEFINITIONS = (
					"DEBUG=1",
					"$(inherited)",
				);
				GCC_WARN_64_TO_32_BIT_CONVERSION = YES;
				GCC_WARN_ABOUT_RETURN_TYPE = YES_ERROR;
				GCC_WARN_UNDECLARED_SELECTOR = YES;
				GCC_WARN_UNINITIALIZED_AUTOS = YES_AGGRESSIVE;
				GCC_WARN_UNUSED_FUNCTION = YES;
				GCC_WARN_UNUSED_VARIABLE = YES;
				IPHONEOS_DEPLOYMENT_TARGET = 16.4;
				MTL_ENABLE_DEBUG_INFO = INCLUDE_SOURCE;
				MTL_FAST_MATH = YES;
				ONLY_ACTIVE_ARCH = YES;
				SDKROOT = iphoneos;
				SWIFT_ACTIVE_COMPILATION_CONDITIONS = DEBUG;
				SWIFT_OPTIMIZATION_LEVEL = "-Onone";
			};
			name = Debug;
		};
		852561DC2AAB05FF000D5AEA /* Release */ = {
			isa = XCBuildConfiguration;
			buildSettings = {
				ALWAYS_SEARCH_USER_PATHS = NO;
				CLANG_ANALYZER_NONNULL = YES;
				CLANG_ANALYZER_NUMBER_OBJECT_CONVERSION = YES_AGGRESSIVE;
				CLANG_CXX_LANGUAGE_STANDARD = "gnu++20";
				CLANG_ENABLE_MODULES = YES;
				CLANG_ENABLE_OBJC_ARC = YES;
				CLANG_ENABLE_OBJC_WEAK = YES;
				CLANG_WARN_BLOCK_CAPTURE_AUTORELEASING = YES;
				CLANG_WARN_BOOL_CONVERSION = YES;
				CLANG_WARN_COMMA = YES;
				CLANG_WARN_CONSTANT_CONVERSION = YES;
				CLANG_WARN_DEPRECATED_OBJC_IMPLEMENTATIONS = YES;
				CLANG_WARN_DIRECT_OBJC_ISA_USAGE = YES_ERROR;
				CLANG_WARN_DOCUMENTATION_COMMENTS = YES;
				CLANG_WARN_EMPTY_BODY = YES;
				CLANG_WARN_ENUM_CONVERSION = YES;
				CLANG_WARN_INFINITE_RECURSION = YES;
				CLANG_WARN_INT_CONVERSION = YES;
				CLANG_WARN_NON_LITERAL_NULL_CONVERSION = YES;
				CLANG_WARN_OBJC_IMPLICIT_RETAIN_SELF = YES;
				CLANG_WARN_OBJC_LITERAL_CONVERSION = YES;
				CLANG_WARN_OBJC_ROOT_CLASS = YES_ERROR;
				CLANG_WARN_QUOTED_INCLUDE_IN_FRAMEWORK_HEADER = YES;
				CLANG_WARN_RANGE_LOOP_ANALYSIS = YES;
				CLANG_WARN_STRICT_PROTOTYPES = YES;
				CLANG_WARN_SUSPICIOUS_MOVE = YES;
				CLANG_WARN_UNGUARDED_AVAILABILITY = YES_AGGRESSIVE;
				CLANG_WARN_UNREACHABLE_CODE = YES;
				CLANG_WARN__DUPLICATE_METHOD_MATCH = YES;
				COPY_PHASE_STRIP = NO;
				DEBUG_INFORMATION_FORMAT = "dwarf-with-dsym";
				ENABLE_NS_ASSERTIONS = NO;
				ENABLE_STRICT_OBJC_MSGSEND = YES;
				GCC_C_LANGUAGE_STANDARD = gnu11;
				GCC_NO_COMMON_BLOCKS = YES;
				GCC_WARN_64_TO_32_BIT_CONVERSION = YES;
				GCC_WARN_ABOUT_RETURN_TYPE = YES_ERROR;
				GCC_WARN_UNDECLARED_SELECTOR = YES;
				GCC_WARN_UNINITIALIZED_AUTOS = YES_AGGRESSIVE;
				GCC_WARN_UNUSED_FUNCTION = YES;
				GCC_WARN_UNUSED_VARIABLE = YES;
				IPHONEOS_DEPLOYMENT_TARGET = 16.4;
				MTL_ENABLE_DEBUG_INFO = NO;
				MTL_FAST_MATH = YES;
				SDKROOT = iphoneos;
				SWIFT_COMPILATION_MODE = wholemodule;
				SWIFT_OPTIMIZATION_LEVEL = "-O";
				VALIDATE_PRODUCT = YES;
			};
			name = Release;
		};
		852561DE2AAB05FF000D5AEA /* Debug */ = {
			isa = XCBuildConfiguration;
			baseConfigurationReference = 447592CD94C8CAACC6EBDD2B /* Pods-ChatApp.debug.xcconfig */;
			buildSettings = {
				ASSETCATALOG_COMPILER_APPICON_NAME = AppIcon;
				ASSETCATALOG_COMPILER_GLOBAL_ACCENT_COLOR_NAME = AccentColor;
				CODE_SIGN_STYLE = Automatic;
				CURRENT_PROJECT_VERSION = 1;
				GENERATE_INFOPLIST_FILE = YES;
				INFOPLIST_FILE = ChatApp/Info.plist;
				INFOPLIST_KEY_UIApplicationSupportsIndirectInputEvents = YES;
				INFOPLIST_KEY_UILaunchStoryboardName = LaunchScreen;
				INFOPLIST_KEY_UIMainStoryboardFile = Main;
				INFOPLIST_KEY_UISupportedInterfaceOrientations_iPad = "UIInterfaceOrientationPortrait UIInterfaceOrientationPortraitUpsideDown UIInterfaceOrientationLandscapeLeft UIInterfaceOrientationLandscapeRight";
				INFOPLIST_KEY_UISupportedInterfaceOrientations_iPhone = "UIInterfaceOrientationPortrait UIInterfaceOrientationLandscapeLeft UIInterfaceOrientationLandscapeRight";
				LD_RUNPATH_SEARCH_PATHS = (
					"$(inherited)",
					"@executable_path/Frameworks",
				);
				MARKETING_VERSION = 1.0;
				PRODUCT_BUNDLE_IDENTIFIER = com.tushar.ChatApp;
				PRODUCT_NAME = "$(TARGET_NAME)";
				SWIFT_EMIT_LOC_STRINGS = YES;
				SWIFT_VERSION = 5.0;
				TARGETED_DEVICE_FAMILY = "1,2";
			};
			name = Debug;
		};
		852561DF2AAB05FF000D5AEA /* Release */ = {
			isa = XCBuildConfiguration;
			baseConfigurationReference = 467E39BD85DC39BAEDB099F6 /* Pods-ChatApp.release.xcconfig */;
			buildSettings = {
				ASSETCATALOG_COMPILER_APPICON_NAME = AppIcon;
				ASSETCATALOG_COMPILER_GLOBAL_ACCENT_COLOR_NAME = AccentColor;
				CODE_SIGN_STYLE = Automatic;
				CURRENT_PROJECT_VERSION = 1;
				GENERATE_INFOPLIST_FILE = YES;
				INFOPLIST_FILE = ChatApp/Info.plist;
				INFOPLIST_KEY_UIApplicationSupportsIndirectInputEvents = YES;
				INFOPLIST_KEY_UILaunchStoryboardName = LaunchScreen;
				INFOPLIST_KEY_UIMainStoryboardFile = Main;
				INFOPLIST_KEY_UISupportedInterfaceOrientations_iPad = "UIInterfaceOrientationPortrait UIInterfaceOrientationPortraitUpsideDown UIInterfaceOrientationLandscapeLeft UIInterfaceOrientationLandscapeRight";
				INFOPLIST_KEY_UISupportedInterfaceOrientations_iPhone = "UIInterfaceOrientationPortrait UIInterfaceOrientationLandscapeLeft UIInterfaceOrientationLandscapeRight";
				LD_RUNPATH_SEARCH_PATHS = (
					"$(inherited)",
					"@executable_path/Frameworks",
				);
				MARKETING_VERSION = 1.0;
				PRODUCT_BUNDLE_IDENTIFIER = com.tushar.ChatApp;
				PRODUCT_NAME = "$(TARGET_NAME)";
				SWIFT_EMIT_LOC_STRINGS = YES;
				SWIFT_VERSION = 5.0;
				TARGETED_DEVICE_FAMILY = "1,2";
			};
			name = Release;
		};
/* End XCBuildConfiguration section */

/* Begin XCConfigurationList section */
		852561C42AAB05FE000D5AEA /* Build configuration list for PBXProject "ChatApp" */ = {
			isa = XCConfigurationList;
			buildConfigurations = (
				852561DB2AAB05FF000D5AEA /* Debug */,
				852561DC2AAB05FF000D5AEA /* Release */,
			);
			defaultConfigurationIsVisible = 0;
			defaultConfigurationName = Release;
		};
		852561DD2AAB05FF000D5AEA /* Build configuration list for PBXNativeTarget "ChatApp" */ = {
			isa = XCConfigurationList;
			buildConfigurations = (
				852561DE2AAB05FF000D5AEA /* Debug */,
				852561DF2AAB05FF000D5AEA /* Release */,
			);
			defaultConfigurationIsVisible = 0;
			defaultConfigurationName = Release;
		};
/* End XCConfigurationList section */
	};
	rootObject = 852561C12AAB05FE000D5AEA /* Project object */;
}
